
Microsoft Visual Studio Solution File, Format Version 12.00
# Visual Studio Version 16
VisualStudioVersion = 16.0.30204.135
MinimumVisualStudioVersion = 10.0.40219.1
Project("{2150E333-8FDC-42A3-9474-1A3956D46DE8}") = "Common", "Common", "{D88A16B4-6AEF-47F8-B442-F5401FF26B61}"
EndProject
Project("{2150E333-8FDC-42A3-9474-1A3956D46DE8}") = "Services", "Services", "{FFEE7853-5D46-4F7A-9F32-33AEE8679957}"
EndProject
Project("{2150E333-8FDC-42A3-9474-1A3956D46DE8}") = "UI", "UI", "{6B9067BF-CE41-4619-A776-EC9C57FC2D7E}"
EndProject
Project("{9A19103F-16F7-4668-BE54-9A1E7A4F7556}") = "WebStore.Domain", "Common\WebStore.Domain\WebStore.Domain.csproj", "{C100DB40-B403-4446-85B4-66409A7F16D4}"
EndProject
Project("{9A19103F-16F7-4668-BE54-9A1E7A4F7556}") = "WebStore.DAL", "Services\WebStore.DAL\WebStore.DAL.csproj", "{CCACC2D3-F356-4C3B-9DDB-86AC79A23892}"
EndProject
Project("{9A19103F-16F7-4668-BE54-9A1E7A4F7556}") = "WebStore", "UI\WebStore\WebStore.csproj", "{B2C42685-792C-46AA-A893-9C9E41137B13}"
EndProject
Project("{9A19103F-16F7-4668-BE54-9A1E7A4F7556}") = "WebStore.Services", "Services\WebStore.Services\WebStore.Services.csproj", "{8A0456F3-AF00-40DE-8042-7FAA7CA70278}"
EndProject
Project("{9A19103F-16F7-4668-BE54-9A1E7A4F7556}") = "WebStore.ServiceHosting", "Services\WebStore.ServiceHosting\WebStore.ServiceHosting.csproj", "{A64F8748-6F1A-4CA0-BF36-9B593C9B8F5F}"
EndProject
Project("{9A19103F-16F7-4668-BE54-9A1E7A4F7556}") = "WebStore.Interfaces", "Services\WebStore.Interfaces\WebStore.Interfaces.csproj", "{DE67D3E7-E343-426F-899C-EEF9A20D4445}"
EndProject
Project("{9A19103F-16F7-4668-BE54-9A1E7A4F7556}") = "WebStore.Clients", "Services\WebStore.Clients\WebStore.Clients.csproj", "{52089546-7EB4-440B-B891-8B242C87EA39}"
EndProject
Project("{9A19103F-16F7-4668-BE54-9A1E7A4F7556}") = "WebStore.Logger", "Common\WebStore.Logger\WebStore.Logger.csproj", "{49F018C7-B02D-46B2-AF1E-F3333152E84B}"
EndProject
Project("{2150E333-8FDC-42A3-9474-1A3956D46DE8}") = "Tests", "Tests", "{9541B7F8-C896-4A00-96EB-196AAA1DF213}"
EndProject
Project("{9A19103F-16F7-4668-BE54-9A1E7A4F7556}") = "WebStore.Tests", "WebStore\tests\WebStore.Tests\WebStore.Tests.csproj", "{0D6CC1AB-BB44-4C3E-B787-FB62BC6EE203}"
EndProject
Project("{9A19103F-16F7-4668-BE54-9A1E7A4F7556}") = "WebStore.Services.Tests", "WebStore.Services\Tests\WebStore.Services.Tests\WebStore.Services.Tests.csproj", "{CEE9E5AF-F0DD-4E91-BE0A-AE2034867B96}"
EndProject
Global
	GlobalSection(SolutionConfigurationPlatforms) = preSolution
		Debug|Any CPU = Debug|Any CPU
		Release|Any CPU = Release|Any CPU
	EndGlobalSection
	GlobalSection(ProjectConfigurationPlatforms) = postSolution
		{C100DB40-B403-4446-85B4-66409A7F16D4}.Debug|Any CPU.ActiveCfg = Debug|Any CPU
		{C100DB40-B403-4446-85B4-66409A7F16D4}.Debug|Any CPU.Build.0 = Debug|Any CPU
		{C100DB40-B403-4446-85B4-66409A7F16D4}.Release|Any CPU.ActiveCfg = Release|Any CPU
		{C100DB40-B403-4446-85B4-66409A7F16D4}.Release|Any CPU.Build.0 = Release|Any CPU
		{CCACC2D3-F356-4C3B-9DDB-86AC79A23892}.Debug|Any CPU.ActiveCfg = Debug|Any CPU
		{CCACC2D3-F356-4C3B-9DDB-86AC79A23892}.Debug|Any CPU.Build.0 = Debug|Any CPU
		{CCACC2D3-F356-4C3B-9DDB-86AC79A23892}.Release|Any CPU.ActiveCfg = Release|Any CPU
		{CCACC2D3-F356-4C3B-9DDB-86AC79A23892}.Release|Any CPU.Build.0 = Release|Any CPU
		{B2C42685-792C-46AA-A893-9C9E41137B13}.Debug|Any CPU.ActiveCfg = Debug|Any CPU
		{B2C42685-792C-46AA-A893-9C9E41137B13}.Debug|Any CPU.Build.0 = Debug|Any CPU
		{B2C42685-792C-46AA-A893-9C9E41137B13}.Release|Any CPU.ActiveCfg = Release|Any CPU
		{B2C42685-792C-46AA-A893-9C9E41137B13}.Release|Any CPU.Build.0 = Release|Any CPU
		{8A0456F3-AF00-40DE-8042-7FAA7CA70278}.Debug|Any CPU.ActiveCfg = Debug|Any CPU
		{8A0456F3-AF00-40DE-8042-7FAA7CA70278}.Debug|Any CPU.Build.0 = Debug|Any CPU
		{8A0456F3-AF00-40DE-8042-7FAA7CA70278}.Release|Any CPU.ActiveCfg = Release|Any CPU
		{8A0456F3-AF00-40DE-8042-7FAA7CA70278}.Release|Any CPU.Build.0 = Release|Any CPU
		{A64F8748-6F1A-4CA0-BF36-9B593C9B8F5F}.Debug|Any CPU.ActiveCfg = Debug|Any CPU
		{A64F8748-6F1A-4CA0-BF36-9B593C9B8F5F}.Debug|Any CPU.Build.0 = Debug|Any CPU
		{A64F8748-6F1A-4CA0-BF36-9B593C9B8F5F}.Release|Any CPU.ActiveCfg = Release|Any CPU
		{A64F8748-6F1A-4CA0-BF36-9B593C9B8F5F}.Release|Any CPU.Build.0 = Release|Any CPU
		{DE67D3E7-E343-426F-899C-EEF9A20D4445}.Debug|Any CPU.ActiveCfg = Debug|Any CPU
		{DE67D3E7-E343-426F-899C-EEF9A20D4445}.Debug|Any CPU.Build.0 = Debug|Any CPU
		{DE67D3E7-E343-426F-899C-EEF9A20D4445}.Release|Any CPU.ActiveCfg = Release|Any CPU
		{DE67D3E7-E343-426F-899C-EEF9A20D4445}.Release|Any CPU.Build.0 = Release|Any CPU
		{52089546-7EB4-440B-B891-8B242C87EA39}.Debug|Any CPU.ActiveCfg = Debug|Any CPU
		{52089546-7EB4-440B-B891-8B242C87EA39}.Debug|Any CPU.Build.0 = Debug|Any CPU
		{52089546-7EB4-440B-B891-8B242C87EA39}.Release|Any CPU.ActiveCfg = Release|Any CPU
		{52089546-7EB4-440B-B891-8B242C87EA39}.Release|Any CPU.Build.0 = Release|Any CPU
		{49F018C7-B02D-46B2-AF1E-F3333152E84B}.Debug|Any CPU.ActiveCfg = Debug|Any CPU
		{49F018C7-B02D-46B2-AF1E-F3333152E84B}.Debug|Any CPU.Build.0 = Debug|Any CPU
		{49F018C7-B02D-46B2-AF1E-F3333152E84B}.Release|Any CPU.ActiveCfg = Release|Any CPU
		{49F018C7-B02D-46B2-AF1E-F3333152E84B}.Release|Any CPU.Build.0 = Release|Any CPU
		{0D6CC1AB-BB44-4C3E-B787-FB62BC6EE203}.Debug|Any CPU.ActiveCfg = Debug|Any CPU
		{0D6CC1AB-BB44-4C3E-B787-FB62BC6EE203}.Debug|Any CPU.Build.0 = Debug|Any CPU
		{0D6CC1AB-BB44-4C3E-B787-FB62BC6EE203}.Release|Any CPU.ActiveCfg = Release|Any CPU
		{0D6CC1AB-BB44-4C3E-B787-FB62BC6EE203}.Release|Any CPU.Build.0 = Release|Any CPU
		{CEE9E5AF-F0DD-4E91-BE0A-AE2034867B96}.Debug|Any CPU.ActiveCfg = Debug|Any CPU
		{CEE9E5AF-F0DD-4E91-BE0A-AE2034867B96}.Debug|Any CPU.Build.0 = Debug|Any CPU
		{CEE9E5AF-F0DD-4E91-BE0A-AE2034867B96}.Release|Any CPU.ActiveCfg = Release|Any CPU
		{CEE9E5AF-F0DD-4E91-BE0A-AE2034867B96}.Release|Any CPU.Build.0 = Release|Any CPU
	EndGlobalSection
	GlobalSection(SolutionProperties) = preSolution
		HideSolutionNode = FALSE
	EndGlobalSection
	GlobalSection(NestedProjects) = preSolution
		{C100DB40-B403-4446-85B4-66409A7F16D4} = {D88A16B4-6AEF-47F8-B442-F5401FF26B61}
		{CCACC2D3-F356-4C3B-9DDB-86AC79A23892} = {FFEE7853-5D46-4F7A-9F32-33AEE8679957}
		{B2C42685-792C-46AA-A893-9C9E41137B13} = {6B9067BF-CE41-4619-A776-EC9C57FC2D7E}
		{8A0456F3-AF00-40DE-8042-7FAA7CA70278} = {FFEE7853-5D46-4F7A-9F32-33AEE8679957}
		{A64F8748-6F1A-4CA0-BF36-9B593C9B8F5F} = {FFEE7853-5D46-4F7A-9F32-33AEE8679957}
		{DE67D3E7-E343-426F-899C-EEF9A20D4445} = {FFEE7853-5D46-4F7A-9F32-33AEE8679957}
		{52089546-7EB4-440B-B891-8B242C87EA39} = {FFEE7853-5D46-4F7A-9F32-33AEE8679957}
		{49F018C7-B02D-46B2-AF1E-F3333152E84B} = {D88A16B4-6AEF-47F8-B442-F5401FF26B61}
		{0D6CC1AB-BB44-4C3E-B787-FB62BC6EE203} = {9541B7F8-C896-4A00-96EB-196AAA1DF213}
		{CEE9E5AF-F0DD-4E91-BE0A-AE2034867B96} = {9541B7F8-C896-4A00-96EB-196AAA1DF213}
	EndGlobalSection
	GlobalSection(ExtensibilityGlobals) = postSolution
		SolutionGuid = {D180A988-D89A-45B3-81F7-DF7163BABFE3}
	EndGlobalSection
EndGlobal
